// !$*UTF8*$!
{
	archiveVersion = 1;
	classes = {
	};
	objectVersion = 46;
	objects = {

/* Begin PBXBuildFile section */
		061C8FAFFE0772CF2D727B50 /* SessionNote.swift in Sources */ = {isa = PBXBuildFile; fileRef = 29508805106C0ED0628FA76F /* SessionNote.swift */; };
		063BFD4174A66BA6F8C7810A /* AuthView.swift in Sources */ = {isa = PBXBuildFile; fileRef = 2C4192E361011BC89D74709A /* AuthView.swift */; };
		0AA057859F9AB9204AEBF4A0 /* SupabaseClient.swift in Sources */ = {isa = PBXBuildFile; fileRef = 4F62DDEAB098C9900B98516B /* SupabaseClient.swift */; };
		0D3EDBFEFC6A9E4CFF8F87B0 /* TodaySessionView.swift in Sources */ = {isa = PBXBuildFile; fileRef = 2A7549ED60F9CE15F10060E3 /* TodaySessionView.swift */; };
		20C167D58206FA47744A6AD5 /* ExerciseLogView.swift in Sources */ = {isa = PBXBuildFile; fileRef = A8C9CA7D0D42DF95009AA74E /* ExerciseLogView.swift */; };
		281742C1CCB37857F1887385 /* WorkloadFlag.swift in Sources */ = {isa = PBXBuildFile; fileRef = 206E65F52D4BE1EE4DD52A2A /* WorkloadFlag.swift */; };
		2E52DA269C638525977FF59C /* ExerciseLog.swift in Sources */ = {isa = PBXBuildFile; fileRef = 8875A4F1C17A2CCDD1664F26 /* ExerciseLog.swift */; };
		331088C689B88BB6DB76ACF9 /* WorkloadFlagBanner.swift in Sources */ = {isa = PBXBuildFile; fileRef = 9B74830762F9924242B7E48F /* WorkloadFlagBanner.swift */; };
		39BBE72C2BDC501D6A46C999 /* Patient.swift in Sources */ = {isa = PBXBuildFile; fileRef = 1AAF05D0AEDBCCB113CDCC99 /* Patient.swift */; };
		47A43DAE5C2F05879D6B569C /* Foundation.framework in Frameworks */ = {isa = PBXBuildFile; fileRef = 25683FB4E5ED67007D98BFC6 /* Foundation.framework */; };
		47FA37F1DB3C47F0E2855160 /* TherapistTabView.swift in Sources */ = {isa = PBXBuildFile; fileRef = 59A46406372400B25ED6C979 /* TherapistTabView.swift */; };
		4E6DC177F63A1AA0E5B80CB3 /* PatientListView.swift in Sources */ = {isa = PBXBuildFile; fileRef = 34988911E8A0920578FF2ADA /* PatientListView.swift */; };
		535A68D4010C801B41B7ECE3 /* ProgramEditorView.swift in Sources */ = {isa = PBXBuildFile; fileRef = 3DC7D496AFCADEB0D6078491 /* ProgramEditorView.swift */; };
		54BD71E7DF08A5D329A582FB /* PatientDetailView.swift in Sources */ = {isa = PBXBuildFile; fileRef = 845A857A24D024FED064FD03 /* PatientDetailView.swift */; };
		5553BE779FFF19E4ACF6BC08 /* PatientTabView.swift in Sources */ = {isa = PBXBuildFile; fileRef = E4F203BAB56648899B1DCD85 /* PatientTabView.swift */; };
		5A388B6360F336179E35A404 /* PatientDetailViewModel.swift in Sources */ = {isa = PBXBuildFile; fileRef = FD8D6AEA2A25E7B269D26551 /* PatientDetailViewModel.swift */; };
		6185FBC71214432EBD68551C /* NotesService.swift in Sources */ = {isa = PBXBuildFile; fileRef = 86F1A7C7823FDACD84517D91 /* NotesService.swift */; };
		630CCC51221B269A37793FE1 /* PatientFlag.swift in Sources */ = {isa = PBXBuildFile; fileRef = E24B70464F2A6C5EF78437FF /* PatientFlag.swift */; };
		63621F353DD1BEEC16332716 /* HistoryViewModel.swift in Sources */ = {isa = PBXBuildFile; fileRef = FD2527A4FAF6E4462E1D6711 /* HistoryViewModel.swift */; };
		6440121C328237292B5CB8BD /* TherapistProgramsView.swift in Sources */ = {isa = PBXBuildFile; fileRef = 27EE38AAE80A52BD55E6D8D2 /* TherapistProgramsView.swift */; };
		6864B7CA38C509F920AC1809 /* ProgramBuilderView.swift in Sources */ = {isa = PBXBuildFile; fileRef = B5BDF9DDB03A1539D7C4F729 /* ProgramBuilderView.swift */; };
		6C499BB99CE20AC62D049124 /* AdherenceChart.swift in Sources */ = {isa = PBXBuildFile; fileRef = 396B6D1845DF43AD30A3A5AC /* AdherenceChart.swift */; };
		7D361BC80F6D67730CE2E93A /* ExerciseLogService.swift in Sources */ = {isa = PBXBuildFile; fileRef = BCF8ED0D86F3B9A564796FE9 /* ExerciseLogService.swift */; };
		7E176BB301F037619C5800A6 /* NotesView.swift in Sources */ = {isa = PBXBuildFile; fileRef = 7EC104C96622E4C0E41A8CD0 /* NotesView.swift */; };
		8B1620E316ECEC7AE3B0C8AE /* PatientListViewModel.swift in Sources */ = {isa = PBXBuildFile; fileRef = 796EB686D0CC90AE91E0ED9F /* PatientListViewModel.swift */; };
		9A347740241291B1BEBD7911 /* TodaySessionViewModel.swift in Sources */ = {isa = PBXBuildFile; fileRef = 3FC5B0665941D6DABEA4F251 /* TodaySessionViewModel.swift */; };
		AA0B1EED47B259338B990C8F /* HistoryView.swift in Sources */ = {isa = PBXBuildFile; fileRef = A42F1BC33B4A97F336E28544 /* HistoryView.swift */; };
		ADC2FB72DAA9829AE878B036 /* RMCalculator.swift in Sources */ = {isa = PBXBuildFile; fileRef = 1E123CB91391490648D4B9C2 /* RMCalculator.swift */; };
		B1586A3E9C390E0BB51D1D66 /* ProgramViewModel.swift in Sources */ = {isa = PBXBuildFile; fileRef = 5BBA05E8F4156AD769D56A6E /* ProgramViewModel.swift */; };
		B29664E67978298E24D2DF9E /* ProgramEditorViewModel.swift in Sources */ = {isa = PBXBuildFile; fileRef = 93D1AB6320C0DF2F0AA9318D /* ProgramEditorViewModel.swift */; };
		B3F2BF995F8C1EC86B7CFAFC /* PTPerformanceApp.swift in Sources */ = {isa = PBXBuildFile; fileRef = BBDB48928DA610B484950710 /* PTPerformanceApp.swift */; };
		B5191E8C3BF00AA64BCA7D4D /* TherapistDashboardView.swift in Sources */ = {isa = PBXBuildFile; fileRef = D72109F3A342C783B9FF3651 /* TherapistDashboardView.swift */; };
		BA20CA548BDCCDF6BD88B140 /* RootView.swift in Sources */ = {isa = PBXBuildFile; fileRef = 6BBA96C2A50E4AB4CBD6754E /* RootView.swift */; };
		C69339AA7C074DA3948C6C5D /* AnalyticsService.swift in Sources */ = {isa = PBXBuildFile; fileRef = B5E32FD5D7E4B4274F7E3BB9 /* AnalyticsService.swift */; };
		CA5B0D2191D04D01904DA4A6 /* ProgramViewerView.swift in Sources */ = {isa = PBXBuildFile; fileRef = 6C15A30EBBCD7C5B8B525AF2 /* ProgramViewerView.swift */; };
		D2176E3445E811B6C78AEB19 /* Program.swift in Sources */ = {isa = PBXBuildFile; fileRef = EE2D4F4A42C4CA0EE0CD1EA8 /* Program.swift */; };
		D870C5D71D79CAD7FFFCD6A8 /* PatientHistoryView.swift in Sources */ = {isa = PBXBuildFile; fileRef = 5DDD64A1859E82343693B5C3 /* PatientHistoryView.swift */; };
		E18A330E79DA0683AA8A1434 /* StrengthTargetsCard.swift in Sources */ = {isa = PBXBuildFile; fileRef = 816965BAE78972A40B18CB2A /* StrengthTargetsCard.swift */; };
		E5AEFB7945076DD32208EB7E /* Protocol.swift in Sources */ = {isa = PBXBuildFile; fileRef = A7EFF2F37D2E1CEF59CB1828 /* Protocol.swift */; };
		E5D0A9386B4201E884642156 /* ProtocolSelector.swift in Sources */ = {isa = PBXBuildFile; fileRef = 5A2E66B09656C5C7F105B522 /* ProtocolSelector.swift */; };
		E8F1EE6C3F4E93B61493B7D4 /* ProgramBuilderViewModel.swift in Sources */ = {isa = PBXBuildFile; fileRef = 46C731539D09D56302ACAFBD /* ProgramBuilderViewModel.swift */; };
		EEC637F7D655C1BD723DAD79 /* PainTrendChart.swift in Sources */ = {isa = PBXBuildFile; fileRef = 6CC6FAA1F28AE12355F9DE2E /* PainTrendChart.swift */; };
		F013ED4BE1E395A92117E834 /* Exercise.swift in Sources */ = {isa = PBXBuildFile; fileRef = 682DED0E86B98C7567338361 /* Exercise.swift */; };
/* End PBXBuildFile section */

/* Begin PBXFileReference section */
		1AAF05D0AEDBCCB113CDCC99 /* Patient.swift */ = {isa = PBXFileReference; includeInIndex = 1; lastKnownFileType = sourcecode.swift; name = Patient.swift; path = Models/Patient.swift; sourceTree = "<group>"; };
		1E123CB91391490648D4B9C2 /* RMCalculator.swift */ = {isa = PBXFileReference; includeInIndex = 1; lastKnownFileType = sourcecode.swift; name = RMCalculator.swift; path = Utils/RMCalculator.swift; sourceTree = "<group>"; };
		206E65F52D4BE1EE4DD52A2A /* WorkloadFlag.swift */ = {isa = PBXFileReference; includeInIndex = 1; lastKnownFileType = sourcecode.swift; name = WorkloadFlag.swift; path = Models/WorkloadFlag.swift; sourceTree = "<group>"; };
		25683FB4E5ED67007D98BFC6 /* Foundation.framework */ = {isa = PBXFileReference; lastKnownFileType = wrapper.framework; name = Foundation.framework; path = Platforms/iPhoneOS.platform/Developer/SDKs/iPhoneOS18.0.sdk/System/Library/Frameworks/Foundation.framework; sourceTree = DEVELOPER_DIR; };
		27EE38AAE80A52BD55E6D8D2 /* TherapistProgramsView.swift */ = {isa = PBXFileReference; includeInIndex = 1; lastKnownFileType = sourcecode.swift; path = TherapistProgramsView.swift; sourceTree = "<group>"; };
		29508805106C0ED0628FA76F /* SessionNote.swift */ = {isa = PBXFileReference; includeInIndex = 1; lastKnownFileType = sourcecode.swift; name = SessionNote.swift; path = Models/SessionNote.swift; sourceTree = "<group>"; };
		2A7549ED60F9CE15F10060E3 /* TodaySessionView.swift */ = {isa = PBXFileReference; includeInIndex = 1; lastKnownFileType = sourcecode.swift; path = TodaySessionView.swift; sourceTree = "<group>"; };
		2C4192E361011BC89D74709A /* AuthView.swift */ = {isa = PBXFileReference; includeInIndex = 1; lastKnownFileType = sourcecode.swift; path = AuthView.swift; sourceTree = "<group>"; };
		34988911E8A0920578FF2ADA /* PatientListView.swift */ = {isa = PBXFileReference; includeInIndex = 1; lastKnownFileType = sourcecode.swift; name = PatientListView.swift; path = Views/Therapist/PatientListView.swift; sourceTree = "<group>"; };
		396B6D1845DF43AD30A3A5AC /* AdherenceChart.swift */ = {isa = PBXFileReference; includeInIndex = 1; lastKnownFileType = sourcecode.swift; name = AdherenceChart.swift; path = Components/Charts/AdherenceChart.swift; sourceTree = "<group>"; };
		3DC7D496AFCADEB0D6078491 /* ProgramEditorView.swift */ = {isa = PBXFileReference; includeInIndex = 1; lastKnownFileType = sourcecode.swift; name = ProgramEditorView.swift; path = Views/ProgramEditorView.swift; sourceTree = "<group>"; };
		3FC5B0665941D6DABEA4F251 /* TodaySessionViewModel.swift */ = {isa = PBXFileReference; includeInIndex = 1; lastKnownFileType = sourcecode.swift; name = TodaySessionViewModel.swift; path = ViewModels/TodaySessionViewModel.swift; sourceTree = "<group>"; };
		46C731539D09D56302ACAFBD /* ProgramBuilderViewModel.swift */ = {isa = PBXFileReference; includeInIndex = 1; lastKnownFileType = sourcecode.swift; name = ProgramBuilderViewModel.swift; path = ViewModels/ProgramBuilderViewModel.swift; sourceTree = "<group>"; };
		4F62DDEAB098C9900B98516B /* SupabaseClient.swift */ = {isa = PBXFileReference; includeInIndex = 1; lastKnownFileType = sourcecode.swift; name = SupabaseClient.swift; path = Services/SupabaseClient.swift; sourceTree = "<group>"; };
		59A46406372400B25ED6C979 /* TherapistTabView.swift */ = {isa = PBXFileReference; includeInIndex = 1; lastKnownFileType = sourcecode.swift; path = TherapistTabView.swift; sourceTree = "<group>"; };
		5A2E66B09656C5C7F105B522 /* ProtocolSelector.swift */ = {isa = PBXFileReference; includeInIndex = 1; lastKnownFileType = sourcecode.swift; name = ProtocolSelector.swift; path = Components/ProtocolSelector.swift; sourceTree = "<group>"; };
		5BBA05E8F4156AD769D56A6E /* ProgramViewModel.swift */ = {isa = PBXFileReference; includeInIndex = 1; lastKnownFileType = sourcecode.swift; name = ProgramViewModel.swift; path = ViewModels/ProgramViewModel.swift; sourceTree = "<group>"; };
		5DDD64A1859E82343693B5C3 /* PatientHistoryView.swift */ = {isa = PBXFileReference; includeInIndex = 1; lastKnownFileType = sourcecode.swift; path = PatientHistoryView.swift; sourceTree = "<group>"; };
		682DED0E86B98C7567338361 /* Exercise.swift */ = {isa = PBXFileReference; includeInIndex = 1; lastKnownFileType = sourcecode.swift; name = Exercise.swift; path = Models/Exercise.swift; sourceTree = "<group>"; };
		6BBA96C2A50E4AB4CBD6754E /* RootView.swift */ = {isa = PBXFileReference; includeInIndex = 1; lastKnownFileType = sourcecode.swift; path = RootView.swift; sourceTree = "<group>"; };
		6C15A30EBBCD7C5B8B525AF2 /* ProgramViewerView.swift */ = {isa = PBXFileReference; includeInIndex = 1; lastKnownFileType = sourcecode.swift; name = ProgramViewerView.swift; path = Views/Therapist/ProgramViewerView.swift; sourceTree = "<group>"; };
		6CC6FAA1F28AE12355F9DE2E /* PainTrendChart.swift */ = {isa = PBXFileReference; includeInIndex = 1; lastKnownFileType = sourcecode.swift; name = PainTrendChart.swift; path = Components/Charts/PainTrendChart.swift; sourceTree = "<group>"; };
		796EB686D0CC90AE91E0ED9F /* PatientListViewModel.swift */ = {isa = PBXFileReference; includeInIndex = 1; lastKnownFileType = sourcecode.swift; name = PatientListViewModel.swift; path = ViewModels/PatientListViewModel.swift; sourceTree = "<group>"; };
		7EC104C96622E4C0E41A8CD0 /* NotesView.swift */ = {isa = PBXFileReference; includeInIndex = 1; lastKnownFileType = sourcecode.swift; name = NotesView.swift; path = Views/Therapist/NotesView.swift; sourceTree = "<group>"; };
		816965BAE78972A40B18CB2A /* StrengthTargetsCard.swift */ = {isa = PBXFileReference; includeInIndex = 1; lastKnownFileType = sourcecode.swift; name = StrengthTargetsCard.swift; path = Components/StrengthTargetsCard.swift; sourceTree = "<group>"; };
		845A857A24D024FED064FD03 /* PatientDetailView.swift */ = {isa = PBXFileReference; includeInIndex = 1; lastKnownFileType = sourcecode.swift; name = PatientDetailView.swift; path = Views/Therapist/PatientDetailView.swift; sourceTree = "<group>"; };
		86F1A7C7823FDACD84517D91 /* NotesService.swift */ = {isa = PBXFileReference; includeInIndex = 1; lastKnownFileType = sourcecode.swift; name = NotesService.swift; path = Services/NotesService.swift; sourceTree = "<group>"; };
		8875A4F1C17A2CCDD1664F26 /* ExerciseLog.swift */ = {isa = PBXFileReference; includeInIndex = 1; lastKnownFileType = sourcecode.swift; name = ExerciseLog.swift; path = Models/ExerciseLog.swift; sourceTree = "<group>"; };
		93D1AB6320C0DF2F0AA9318D /* ProgramEditorViewModel.swift */ = {isa = PBXFileReference; includeInIndex = 1; lastKnownFileType = sourcecode.swift; name = ProgramEditorViewModel.swift; path = ViewModels/ProgramEditorViewModel.swift; sourceTree = "<group>"; };
		9B74830762F9924242B7E48F /* WorkloadFlagBanner.swift */ = {isa = PBXFileReference; includeInIndex = 1; lastKnownFileType = sourcecode.swift; name = WorkloadFlagBanner.swift; path = Components/WorkloadFlagBanner.swift; sourceTree = "<group>"; };
		A42F1BC33B4A97F336E28544 /* HistoryView.swift */ = {isa = PBXFileReference; includeInIndex = 1; lastKnownFileType = sourcecode.swift; name = HistoryView.swift; path = Views/Patient/HistoryView.swift; sourceTree = "<group>"; };
		A7EFF2F37D2E1CEF59CB1828 /* Protocol.swift */ = {isa = PBXFileReference; includeInIndex = 1; lastKnownFileType = sourcecode.swift; name = Protocol.swift; path = Models/Protocol.swift; sourceTree = "<group>"; };
		A8C9CA7D0D42DF95009AA74E /* ExerciseLogView.swift */ = {isa = PBXFileReference; includeInIndex = 1; lastKnownFileType = sourcecode.swift; name = ExerciseLogView.swift; path = Views/Patient/ExerciseLogView.swift; sourceTree = "<group>"; };
		B5BDF9DDB03A1539D7C4F729 /* ProgramBuilderView.swift */ = {isa = PBXFileReference; includeInIndex = 1; lastKnownFileType = sourcecode.swift; name = ProgramBuilderView.swift; path = Views/ProgramBuilderView.swift; sourceTree = "<group>"; };
		B5E32FD5D7E4B4274F7E3BB9 /* AnalyticsService.swift */ = {isa = PBXFileReference; includeInIndex = 1; lastKnownFileType = sourcecode.swift; name = AnalyticsService.swift; path = Services/AnalyticsService.swift; sourceTree = "<group>"; };
		BBDB48928DA610B484950710 /* PTPerformanceApp.swift */ = {isa = PBXFileReference; includeInIndex = 1; lastKnownFileType = sourcecode.swift; path = PTPerformanceApp.swift; sourceTree = "<group>"; };
		BCF8ED0D86F3B9A564796FE9 /* ExerciseLogService.swift */ = {isa = PBXFileReference; includeInIndex = 1; lastKnownFileType = sourcecode.swift; name = ExerciseLogService.swift; path = Services/ExerciseLogService.swift; sourceTree = "<group>"; };
		D72109F3A342C783B9FF3651 /* TherapistDashboardView.swift */ = {isa = PBXFileReference; includeInIndex = 1; lastKnownFileType = sourcecode.swift; path = TherapistDashboardView.swift; sourceTree = "<group>"; };
		E24B70464F2A6C5EF78437FF /* PatientFlag.swift */ = {isa = PBXFileReference; includeInIndex = 1; lastKnownFileType = sourcecode.swift; name = PatientFlag.swift; path = Models/PatientFlag.swift; sourceTree = "<group>"; };
		E4F203BAB56648899B1DCD85 /* PatientTabView.swift */ = {isa = PBXFileReference; includeInIndex = 1; lastKnownFileType = sourcecode.swift; path = PatientTabView.swift; sourceTree = "<group>"; };
		EE2D4F4A42C4CA0EE0CD1EA8 /* Program.swift */ = {isa = PBXFileReference; includeInIndex = 1; lastKnownFileType = sourcecode.swift; name = Program.swift; path = Models/Program.swift; sourceTree = "<group>"; };
		FD2527A4FAF6E4462E1D6711 /* HistoryViewModel.swift */ = {isa = PBXFileReference; includeInIndex = 1; lastKnownFileType = sourcecode.swift; name = HistoryViewModel.swift; path = ViewModels/HistoryViewModel.swift; sourceTree = "<group>"; };
		FD8D6AEA2A25E7B269D26551 /* PatientDetailViewModel.swift */ = {isa = PBXFileReference; includeInIndex = 1; lastKnownFileType = sourcecode.swift; name = PatientDetailViewModel.swift; path = ViewModels/PatientDetailViewModel.swift; sourceTree = "<group>"; };
		FDE3C68F9A1C2FB6F12879FD /* PTPerformance.app */ = {isa = PBXFileReference; explicitFileType = wrapper.application; includeInIndex = 0; path = PTPerformance.app; sourceTree = BUILT_PRODUCTS_DIR; };
/* End PBXFileReference section */

/* Begin PBXFrameworksBuildPhase section */
		6918413AC42099E4BD238005 /* Frameworks */ = {
			isa = PBXFrameworksBuildPhase;
			buildActionMask = 2147483647;
			files = (
				47A43DAE5C2F05879D6B569C /* Foundation.framework in Frameworks */,
			);
			runOnlyForDeploymentPostprocessing = 0;
		};
/* End PBXFrameworksBuildPhase section */

/* Begin PBXGroup section */
		2B3EF0D20F09733487421FF6 = {
			isa = PBXGroup;
			children = (
				50A2CB50BA7CA9076ABC3945 /* Products */,
				9C8A284D65B32E67650B2125 /* Frameworks */,
				2C4192E361011BC89D74709A /* AuthView.swift */,
				396B6D1845DF43AD30A3A5AC /* AdherenceChart.swift */,
				6CC6FAA1F28AE12355F9DE2E /* PainTrendChart.swift */,
				5A2E66B09656C5C7F105B522 /* ProtocolSelector.swift */,
				816965BAE78972A40B18CB2A /* StrengthTargetsCard.swift */,
				9B74830762F9924242B7E48F /* WorkloadFlagBanner.swift */,
				682DED0E86B98C7567338361 /* Exercise.swift */,
				8875A4F1C17A2CCDD1664F26 /* ExerciseLog.swift */,
				1AAF05D0AEDBCCB113CDCC99 /* Patient.swift */,
				E24B70464F2A6C5EF78437FF /* PatientFlag.swift */,
				EE2D4F4A42C4CA0EE0CD1EA8 /* Program.swift */,
				A7EFF2F37D2E1CEF59CB1828 /* Protocol.swift */,
				29508805106C0ED0628FA76F /* SessionNote.swift */,
				206E65F52D4BE1EE4DD52A2A /* WorkloadFlag.swift */,
				BBDB48928DA610B484950710 /* PTPerformanceApp.swift */,
				5DDD64A1859E82343693B5C3 /* PatientHistoryView.swift */,
				E4F203BAB56648899B1DCD85 /* PatientTabView.swift */,
				6BBA96C2A50E4AB4CBD6754E /* RootView.swift */,
				B5E32FD5D7E4B4274F7E3BB9 /* AnalyticsService.swift */,
				BCF8ED0D86F3B9A564796FE9 /* ExerciseLogService.swift */,
				86F1A7C7823FDACD84517D91 /* NotesService.swift */,
				4F62DDEAB098C9900B98516B /* SupabaseClient.swift */,
				D72109F3A342C783B9FF3651 /* TherapistDashboardView.swift */,
				27EE38AAE80A52BD55E6D8D2 /* TherapistProgramsView.swift */,
				59A46406372400B25ED6C979 /* TherapistTabView.swift */,
				2A7549ED60F9CE15F10060E3 /* TodaySessionView.swift */,
				1E123CB91391490648D4B9C2 /* RMCalculator.swift */,
				FD2527A4FAF6E4462E1D6711 /* HistoryViewModel.swift */,
				FD8D6AEA2A25E7B269D26551 /* PatientDetailViewModel.swift */,
				796EB686D0CC90AE91E0ED9F /* PatientListViewModel.swift */,
				46C731539D09D56302ACAFBD /* ProgramBuilderViewModel.swift */,
				93D1AB6320C0DF2F0AA9318D /* ProgramEditorViewModel.swift */,
				5BBA05E8F4156AD769D56A6E /* ProgramViewModel.swift */,
				3FC5B0665941D6DABEA4F251 /* TodaySessionViewModel.swift */,
				A8C9CA7D0D42DF95009AA74E /* ExerciseLogView.swift */,
				A42F1BC33B4A97F336E28544 /* HistoryView.swift */,
				B5BDF9DDB03A1539D7C4F729 /* ProgramBuilderView.swift */,
				3DC7D496AFCADEB0D6078491 /* ProgramEditorView.swift */,
				7EC104C96622E4C0E41A8CD0 /* NotesView.swift */,
				845A857A24D024FED064FD03 /* PatientDetailView.swift */,
				34988911E8A0920578FF2ADA /* PatientListView.swift */,
				6C15A30EBBCD7C5B8B525AF2 /* ProgramViewerView.swift */,
			);
			sourceTree = "<group>";
		};
		3EF9278E1602F0DA9A2EB8A7 /* iOS */ = {
			isa = PBXGroup;
			children = (
				25683FB4E5ED67007D98BFC6 /* Foundation.framework */,
			);
			name = iOS;
			sourceTree = "<group>";
		};
		50A2CB50BA7CA9076ABC3945 /* Products */ = {
			isa = PBXGroup;
			children = (
				FDE3C68F9A1C2FB6F12879FD /* PTPerformance.app */,
			);
			name = Products;
			sourceTree = "<group>";
		};
		9C8A284D65B32E67650B2125 /* Frameworks */ = {
			isa = PBXGroup;
			children = (
				3EF9278E1602F0DA9A2EB8A7 /* iOS */,
			);
			name = Frameworks;
			sourceTree = "<group>";
		};
/* End PBXGroup section */

/* Begin PBXNativeTarget section */
		0CA7536A21CD7D3679F07FDB /* PTPerformance */ = {
			isa = PBXNativeTarget;
			buildConfigurationList = 1785FF90B2DC43A2CA7F2D3A /* Build configuration list for PBXNativeTarget "PTPerformance" */;
			buildPhases = (
				D44FEEF8FBE0D0C3E9A369DB /* Sources */,
				6918413AC42099E4BD238005 /* Frameworks */,
				C304187D5E6F5ABBEBFFC1B4 /* Resources */,
			);
			buildRules = (
			);
			dependencies = (
			);
			name = PTPerformance;
			productName = PTPerformance;
			productReference = FDE3C68F9A1C2FB6F12879FD /* PTPerformance.app */;
			productType = "com.apple.product-type.application";
			packageProductDependencies = (
				AA2222222222222222222222 /* Supabase */,
			);
		};
/* End PBXNativeTarget section */


/* Begin XCRemoteSwiftPackageReference section */
		AA1111111111111111111111 /* XCRemoteSwiftPackageReference "supabase-swift" */ = {
			isa = XCRemoteSwiftPackageReference;
			repositoryURL = "https://github.com/supabase/supabase-swift.git";
			requirement = {
				kind = upToNextMajorVersion;
				minimumVersion = "2.0.0";
			};
		};
/* End XCRemoteSwiftPackageReference section */


/* Begin XCSwiftPackageProductDependency section */
		AA2222222222222222222222 /* Supabase */ = {
			isa = XCSwiftPackageProductDependency;
			package = AA1111111111111111111111 /* XCRemoteSwiftPackageReference "supabase-swift" */;
			productName = Supabase;
		};
/* End XCSwiftPackageProductDependency section */

/* Begin PBXProject section */
		30B6B5042ACF68E5FB3F5734 /* Project object */ = {
			isa = PBXProject;
			attributes = {
				LastSwiftUpdateCheck = 1600;
				LastUpgradeCheck = 1600;
				};
			buildConfigurationList = 02A8D83EF83E1D2BD6B4BF40 /* Build configuration list for PBXProject "PTPerformance" */;
			compatibilityVersion = "Xcode 3.2";
			developmentRegion = en;
			hasScannedForEncodings = 0;
			knownRegions = (
				en,
				Base,
			);
			mainGroup = 2B3EF0D20F09733487421FF6;
			packageReferences = (
				AA1111111111111111111111 /* XCRemoteSwiftPackageReference "supabase-swift" */,
			);
			minimizedProjectReferenceProxies = 0;
			preferredProjectObjectVersion = 77;
			productRefGroup = 50A2CB50BA7CA9076ABC3945 /* Products */;
			projectDirPath = "";
			projectRoot = "";
			targets = (
				0CA7536A21CD7D3679F07FDB /* PTPerformance */,
			);
		};
/* End PBXProject section */

/* Begin PBXResourcesBuildPhase section */
		C304187D5E6F5ABBEBFFC1B4 /* Resources */ = {
			isa = PBXResourcesBuildPhase;
			buildActionMask = 2147483647;
			files = (
			);
			runOnlyForDeploymentPostprocessing = 0;
		};
/* End PBXResourcesBuildPhase section */

/* Begin PBXSourcesBuildPhase section */
		D44FEEF8FBE0D0C3E9A369DB /* Sources */ = {
			isa = PBXSourcesBuildPhase;
			buildActionMask = 2147483647;
			files = (
				063BFD4174A66BA6F8C7810A /* AuthView.swift in Sources */,
				6C499BB99CE20AC62D049124 /* AdherenceChart.swift in Sources */,
				EEC637F7D655C1BD723DAD79 /* PainTrendChart.swift in Sources */,
				E5D0A9386B4201E884642156 /* ProtocolSelector.swift in Sources */,
				E18A330E79DA0683AA8A1434 /* StrengthTargetsCard.swift in Sources */,
				331088C689B88BB6DB76ACF9 /* WorkloadFlagBanner.swift in Sources */,
				F013ED4BE1E395A92117E834 /* Exercise.swift in Sources */,
				2E52DA269C638525977FF59C /* ExerciseLog.swift in Sources */,
				39BBE72C2BDC501D6A46C999 /* Patient.swift in Sources */,
				630CCC51221B269A37793FE1 /* PatientFlag.swift in Sources */,
				D2176E3445E811B6C78AEB19 /* Program.swift in Sources */,
				E5AEFB7945076DD32208EB7E /* Protocol.swift in Sources */,
				061C8FAFFE0772CF2D727B50 /* SessionNote.swift in Sources */,
				281742C1CCB37857F1887385 /* WorkloadFlag.swift in Sources */,
				B3F2BF995F8C1EC86B7CFAFC /* PTPerformanceApp.swift in Sources */,
				D870C5D71D79CAD7FFFCD6A8 /* PatientHistoryView.swift in Sources */,
				5553BE779FFF19E4ACF6BC08 /* PatientTabView.swift in Sources */,
				BA20CA548BDCCDF6BD88B140 /* RootView.swift in Sources */,
				C69339AA7C074DA3948C6C5D /* AnalyticsService.swift in Sources */,
				7D361BC80F6D67730CE2E93A /* ExerciseLogService.swift in Sources */,
				6185FBC71214432EBD68551C /* NotesService.swift in Sources */,
				0AA057859F9AB9204AEBF4A0 /* SupabaseClient.swift in Sources */,
				B5191E8C3BF00AA64BCA7D4D /* TherapistDashboardView.swift in Sources */,
				6440121C328237292B5CB8BD /* TherapistProgramsView.swift in Sources */,
				47FA37F1DB3C47F0E2855160 /* TherapistTabView.swift in Sources */,
				0D3EDBFEFC6A9E4CFF8F87B0 /* TodaySessionView.swift in Sources */,
				ADC2FB72DAA9829AE878B036 /* RMCalculator.swift in Sources */,
				63621F353DD1BEEC16332716 /* HistoryViewModel.swift in Sources */,
				5A388B6360F336179E35A404 /* PatientDetailViewModel.swift in Sources */,
				8B1620E316ECEC7AE3B0C8AE /* PatientListViewModel.swift in Sources */,
				E8F1EE6C3F4E93B61493B7D4 /* ProgramBuilderViewModel.swift in Sources */,
				B29664E67978298E24D2DF9E /* ProgramEditorViewModel.swift in Sources */,
				B1586A3E9C390E0BB51D1D66 /* ProgramViewModel.swift in Sources */,
				9A347740241291B1BEBD7911 /* TodaySessionViewModel.swift in Sources */,
				20C167D58206FA47744A6AD5 /* ExerciseLogView.swift in Sources */,
				AA0B1EED47B259338B990C8F /* HistoryView.swift in Sources */,
				6864B7CA38C509F920AC1809 /* ProgramBuilderView.swift in Sources */,
				535A68D4010C801B41B7ECE3 /* ProgramEditorView.swift in Sources */,
				7E176BB301F037619C5800A6 /* NotesView.swift in Sources */,
				54BD71E7DF08A5D329A582FB /* PatientDetailView.swift in Sources */,
				4E6DC177F63A1AA0E5B80CB3 /* PatientListView.swift in Sources */,
				CA5B0D2191D04D01904DA4A6 /* ProgramViewerView.swift in Sources */,
			);
			runOnlyForDeploymentPostprocessing = 0;
		};
/* End PBXSourcesBuildPhase section */

/* Begin XCBuildConfiguration section */
		256872C5F14884D3B1C82497 /* Debug */ = {
			isa = XCBuildConfiguration;
			buildSettings = {
				ASSETCATALOG_COMPILER_APPICON_NAME = AppIcon;
				ASSETCATALOG_COMPILER_GLOBAL_ACCENT_COLOR_NAME = AccentColor;
				CLANG_ENABLE_OBJC_WEAK = NO;
				CURRENT_PROJECT_VERSION = 1;
				GENERATE_INFOPLIST_FILE = YES;
				IPHONEOS_DEPLOYMENT_TARGET = 17.0;
				LD_RUNPATH_SEARCH_PATHS = "$(inherited) @executable_path/Frameworks";
				MARKETING_VERSION = 1.0;
				PRODUCT_BUNDLE_IDENTIFIER = com.ptperformance.app;
				PRODUCT_NAME = "$(TARGET_NAME)";
				SDKROOT = iphoneos;
				SWIFT_VERSION = 5.0;
				TARGETED_DEVICE_FAMILY = "1,2";
			};
			name = Debug;
		};
		381FD7BFE7B425582C20DA01 /* Release */ = {
			isa = XCBuildConfiguration;
			buildSettings = {
				ASSETCATALOG_COMPILER_APPICON_NAME = AppIcon;
				ASSETCATALOG_COMPILER_GLOBAL_ACCENT_COLOR_NAME = AccentColor;
				CLANG_ENABLE_OBJC_WEAK = NO;
				CURRENT_PROJECT_VERSION = 1;
				GENERATE_INFOPLIST_FILE = YES;
				IPHONEOS_DEPLOYMENT_TARGET = 17.0;
				LD_RUNPATH_SEARCH_PATHS = "$(inherited) @executable_path/Frameworks";
				MARKETING_VERSION = 1.0;
				PRODUCT_BUNDLE_IDENTIFIER = com.ptperformance.app;
				PRODUCT_NAME = "$(TARGET_NAME)";
				SDKROOT = iphoneos;
				SWIFT_VERSION = 5.0;
				TARGETED_DEVICE_FAMILY = "1,2";
				VALIDATE_PRODUCT = YES;
			};
			name = Release;
		};
		A6BE1DD65218F79355CC8317 /* Debug */ = {
			isa = XCBuildConfiguration;
			buildSettings = {
				ALWAYS_SEARCH_USER_PATHS = NO;
				CLANG_ANALYZER_NONNULL = YES;
				CLANG_ANALYZER_NUMBER_OBJECT_CONVERSION = YES_AGGRESSIVE;
				CLANG_CXX_LANGUAGE_STANDARD = "gnu++14";
				CLANG_CXX_LIBRARY = "libc++";
				CLANG_ENABLE_MODULES = YES;
				CLANG_ENABLE_OBJC_ARC = YES;
				CLANG_ENABLE_OBJC_WEAK = YES;
				CLANG_WARN_BLOCK_CAPTURE_AUTORELEASING = YES;
				CLANG_WARN_BOOL_CONVERSION = YES;
				CLANG_WARN_COMMA = YES;
				CLANG_WARN_CONSTANT_CONVERSION = YES;
				CLANG_WARN_DEPRECATED_OBJC_IMPLEMENTATIONS = YES;
				CLANG_WARN_DIRECT_OBJC_ISA_USAGE = YES_ERROR;
				CLANG_WARN_DOCUMENTATION_COMMENTS = YES;
				CLANG_WARN_EMPTY_BODY = YES;
				CLANG_WARN_ENUM_CONVERSION = YES;
				CLANG_WARN_INFINITE_RECURSION = YES;
				CLANG_WARN_INT_CONVERSION = YES;
				CLANG_WARN_NON_LITERAL_NULL_CONVERSION = YES;
				CLANG_WARN_OBJC_IMPLICIT_RETAIN_SELF = YES;
				CLANG_WARN_OBJC_LITERAL_CONVERSION = YES;
				CLANG_WARN_OBJC_ROOT_CLASS = YES_ERROR;
				CLANG_WARN_QUOTED_INCLUDE_IN_FRAMEWORK_HEADER = YES;
				CLANG_WARN_RANGE_LOOP_ANALYSIS = YES;
				CLANG_WARN_STRICT_PROTOTYPES = YES;
				CLANG_WARN_SUSPICIOUS_MOVE = YES;
				CLANG_WARN_UNGUARDED_AVAILABILITY = YES_AGGRESSIVE;
				CLANG_WARN_UNREACHABLE_CODE = YES;
				CLANG_WARN__DUPLICATE_METHOD_MATCH = YES;
				COPY_PHASE_STRIP = NO;
				DEBUG_INFORMATION_FORMAT = dwarf;
				ENABLE_STRICT_OBJC_MSGSEND = YES;
				ENABLE_TESTABILITY = YES;
				GCC_C_LANGUAGE_STANDARD = gnu11;
				GCC_DYNAMIC_NO_PIC = NO;
				GCC_NO_COMMON_BLOCKS = YES;
				GCC_OPTIMIZATION_LEVEL = 0;
				GCC_PREPROCESSOR_DEFINITIONS = (
					"DEBUG=1",
					"$(inherited)",
				);
				GCC_WARN_64_TO_32_BIT_CONVERSION = YES;
				GCC_WARN_ABOUT_RETURN_TYPE = YES_ERROR;
				GCC_WARN_UNDECLARED_SELECTOR = YES;
				GCC_WARN_UNINITIALIZED_AUTOS = YES_AGGRESSIVE;
				GCC_WARN_UNUSED_FUNCTION = YES;
				GCC_WARN_UNUSED_VARIABLE = YES;
				MTL_ENABLE_DEBUG_INFO = INCLUDE_SOURCE;
				MTL_FAST_MATH = YES;
				ONLY_ACTIVE_ARCH = YES;
				PRODUCT_NAME = "$(TARGET_NAME)";
				SWIFT_ACTIVE_COMPILATION_CONDITIONS = DEBUG;
				SWIFT_OPTIMIZATION_LEVEL = "-Onone";
				SWIFT_VERSION = 5.0;
			};
			name = Debug;
		};
		C7FAF2EAD4EDAC0436C1E854 /* Release */ = {
			isa = XCBuildConfiguration;
			buildSettings = {
				ALWAYS_SEARCH_USER_PATHS = NO;
				CLANG_ANALYZER_NONNULL = YES;
				CLANG_ANALYZER_NUMBER_OBJECT_CONVERSION = YES_AGGRESSIVE;
				CLANG_CXX_LANGUAGE_STANDARD = "gnu++14";
				CLANG_CXX_LIBRARY = "libc++";
				CLANG_ENABLE_MODULES = YES;
				CLANG_ENABLE_OBJC_ARC = YES;
				CLANG_ENABLE_OBJC_WEAK = YES;
				CLANG_WARN_BLOCK_CAPTURE_AUTORELEASING = YES;
				CLANG_WARN_BOOL_CONVERSION = YES;
				CLANG_WARN_COMMA = YES;
				CLANG_WARN_CONSTANT_CONVERSION = YES;
				CLANG_WARN_DEPRECATED_OBJC_IMPLEMENTATIONS = YES;
				CLANG_WARN_DIRECT_OBJC_ISA_USAGE = YES_ERROR;
				CLANG_WARN_DOCUMENTATION_COMMENTS = YES;
				CLANG_WARN_EMPTY_BODY = YES;
				CLANG_WARN_ENUM_CONVERSION = YES;
				CLANG_WARN_INFINITE_RECURSION = YES;
				CLANG_WARN_INT_CONVERSION = YES;
				CLANG_WARN_NON_LITERAL_NULL_CONVERSION = YES;
				CLANG_WARN_OBJC_IMPLICIT_RETAIN_SELF = YES;
				CLANG_WARN_OBJC_LITERAL_CONVERSION = YES;
				CLANG_WARN_OBJC_ROOT_CLASS = YES_ERROR;
				CLANG_WARN_QUOTED_INCLUDE_IN_FRAMEWORK_HEADER = YES;
				CLANG_WARN_RANGE_LOOP_ANALYSIS = YES;
				CLANG_WARN_STRICT_PROTOTYPES = YES;
				CLANG_WARN_SUSPICIOUS_MOVE = YES;
				CLANG_WARN_UNGUARDED_AVAILABILITY = YES_AGGRESSIVE;
				CLANG_WARN_UNREACHABLE_CODE = YES;
				CLANG_WARN__DUPLICATE_METHOD_MATCH = YES;
				COPY_PHASE_STRIP = NO;
				DEBUG_INFORMATION_FORMAT = "dwarf-with-dsym";
				ENABLE_NS_ASSERTIONS = NO;
				ENABLE_STRICT_OBJC_MSGSEND = YES;
				GCC_C_LANGUAGE_STANDARD = gnu11;
				GCC_NO_COMMON_BLOCKS = YES;
				GCC_WARN_64_TO_32_BIT_CONVERSION = YES;
				GCC_WARN_ABOUT_RETURN_TYPE = YES_ERROR;
				GCC_WARN_UNDECLARED_SELECTOR = YES;
				GCC_WARN_UNINITIALIZED_AUTOS = YES_AGGRESSIVE;
				GCC_WARN_UNUSED_FUNCTION = YES;
				GCC_WARN_UNUSED_VARIABLE = YES;
				MTL_ENABLE_DEBUG_INFO = NO;
				MTL_FAST_MATH = YES;
				PRODUCT_NAME = "$(TARGET_NAME)";
				SWIFT_COMPILATION_MODE = wholemodule;
				SWIFT_OPTIMIZATION_LEVEL = "-O";
				SWIFT_VERSION = 5.0;
			};
			name = Release;
		};
/* End XCBuildConfiguration section */

/* Begin XCConfigurationList section */
		02A8D83EF83E1D2BD6B4BF40 /* Build configuration list for PBXProject "PTPerformance" */ = {
			isa = XCConfigurationList;
			buildConfigurations = (
				A6BE1DD65218F79355CC8317 /* Debug */,
				C7FAF2EAD4EDAC0436C1E854 /* Release */,
			);
			defaultConfigurationIsVisible = 0;
			defaultConfigurationName = Release;
		};
		1785FF90B2DC43A2CA7F2D3A /* Build configuration list for PBXNativeTarget "PTPerformance" */ = {
			isa = XCConfigurationList;
			buildConfigurations = (
				381FD7BFE7B425582C20DA01 /* Release */,
				256872C5F14884D3B1C82497 /* Debug */,
			);
			defaultConfigurationIsVisible = 0;
			defaultConfigurationName = Release;
		};
/* End XCConfigurationList section */
	};
	rootObject = 30B6B5042ACF68E5FB3F5734 /* Project object */;
}
